// !$*UTF8*$!
{
	archiveVersion = 1;
	classes = {
	};
	objectVersion = 46;
	objects = {

/* Begin PBXBuildFile section */
		6DC15AFD1DFE005B00E47E52 /* AppDelegate.swift in Sources */ = {isa = PBXBuildFile; fileRef = 6DC15AFC1DFE005B00E47E52 /* AppDelegate.swift */; };
		6DC15AFF1DFE005B00E47E52 /* ViewController.swift in Sources */ = {isa = PBXBuildFile; fileRef = 6DC15AFE1DFE005B00E47E52 /* ViewController.swift */; };
		6DC15B041DFE005B00E47E52 /* Assets.xcassets in Resources */ = {isa = PBXBuildFile; fileRef = 6DC15B031DFE005B00E47E52 /* Assets.xcassets */; };
		6DC15B071DFE005B00E47E52 /* LaunchScreen.storyboard in Resources */ = {isa = PBXBuildFile; fileRef = 6DC15B051DFE005B00E47E52 /* LaunchScreen.storyboard */; };
		6DC15B111DFE054B00E47E52 /* example.PNG in Resources */ = {isa = PBXBuildFile; fileRef = 6DC15B101DFE054B00E47E52 /* example.PNG */; };
		F92AA570D2EF239A26538467 /* Pods_AutoLayoutExample.framework in Frameworks */ = {isa = PBXBuildFile; fileRef = 908E739658CDE77DCDD2090E /* Pods_AutoLayoutExample.framework */; };
/* End PBXBuildFile section */

/* Begin PBXFileReference section */
		6DC15AF91DFE005B00E47E52 /* AutoLayoutExample.app */ = {isa = PBXFileReference; explicitFileType = wrapper.application; includeInIndex = 0; path = AutoLayoutExample.app; sourceTree = BUILT_PRODUCTS_DIR; };
		6DC15AFC1DFE005B00E47E52 /* AppDelegate.swift */ = {isa = PBXFileReference; lastKnownFileType = sourcecode.swift; path = AppDelegate.swift; sourceTree = "<group>"; };
		6DC15AFE1DFE005B00E47E52 /* ViewController.swift */ = {isa = PBXFileReference; lastKnownFileType = sourcecode.swift; path = ViewController.swift; sourceTree = "<group>"; };
		6DC15B031DFE005B00E47E52 /* Assets.xcassets */ = {isa = PBXFileReference; lastKnownFileType = folder.assetcatalog; path = Assets.xcassets; sourceTree = "<group>"; };
		6DC15B061DFE005B00E47E52 /* Base */ = {isa = PBXFileReference; lastKnownFileType = file.storyboard; name = Base; path = Base.lproj/LaunchScreen.storyboard; sourceTree = "<group>"; };
		6DC15B081DFE005B00E47E52 /* Info.plist */ = {isa = PBXFileReference; lastKnownFileType = text.plist.xml; path = Info.plist; sourceTree = "<group>"; };
		6DC15B101DFE054B00E47E52 /* example.PNG */ = {isa = PBXFileReference; lastKnownFileType = image.png; path = example.PNG; sourceTree = "<group>"; };
		908E739658CDE77DCDD2090E /* Pods_AutoLayoutExample.framework */ = {isa = PBXFileReference; explicitFileType = wrapper.framework; includeInIndex = 0; path = Pods_AutoLayoutExample.framework; sourceTree = BUILT_PRODUCTS_DIR; };
		DB8CB70853C482D47D26388A /* Pods-AutoLayoutExample.debug.xcconfig */ = {isa = PBXFileReference; includeInIndex = 1; lastKnownFileType = text.xcconfig; name = "Pods-AutoLayoutExample.debug.xcconfig"; path = "Pods/Target Support Files/Pods-AutoLayoutExample/Pods-AutoLayoutExample.debug.xcconfig"; sourceTree = "<group>"; };
		F3E1F08218D2847305B99DDE /* Pods-AutoLayoutExample.release.xcconfig */ = {isa = PBXFileReference; includeInIndex = 1; lastKnownFileType = text.xcconfig; name = "Pods-AutoLayoutExample.release.xcconfig"; path = "Pods/Target Support Files/Pods-AutoLayoutExample/Pods-AutoLayoutExample.release.xcconfig"; sourceTree = "<group>"; };
/* End PBXFileReference section */

/* Begin PBXFrameworksBuildPhase section */
		6DC15AF61DFE005A00E47E52 /* Frameworks */ = {
			isa = PBXFrameworksBuildPhase;
			buildActionMask = 2147483647;
			files = (
				F92AA570D2EF239A26538467 /* Pods_AutoLayoutExample.framework in Frameworks */,
			);
			runOnlyForDeploymentPostprocessing = 0;
		};
/* End PBXFrameworksBuildPhase section */

/* Begin PBXGroup section */
		6DC15AF01DFE005A00E47E52 = {
			isa = PBXGroup;
			children = (
				6DC15AFB1DFE005B00E47E52 /* AutoLayoutExample */,
				6DC15AFA1DFE005B00E47E52 /* Products */,
				7DD5592730E49CF38BF72B78 /* Pods */,
				AE6D94101E3092F1A5639089 /* Frameworks */,
			);
			sourceTree = "<group>";
		};
		6DC15AFA1DFE005B00E47E52 /* Products */ = {
			isa = PBXGroup;
			children = (
				6DC15AF91DFE005B00E47E52 /* AutoLayoutExample.app */,
			);
			name = Products;
			sourceTree = "<group>";
		};
		6DC15AFB1DFE005B00E47E52 /* AutoLayoutExample */ = {
			isa = PBXGroup;
			children = (
				6DC15B101DFE054B00E47E52 /* example.PNG */,
				6DC15AFC1DFE005B00E47E52 /* AppDelegate.swift */,
				6DC15AFE1DFE005B00E47E52 /* ViewController.swift */,
				6DC15B031DFE005B00E47E52 /* Assets.xcassets */,
				6DC15B051DFE005B00E47E52 /* LaunchScreen.storyboard */,
				6DC15B081DFE005B00E47E52 /* Info.plist */,
			);
			path = AutoLayoutExample;
			sourceTree = "<group>";
		};
		7DD5592730E49CF38BF72B78 /* Pods */ = {
			isa = PBXGroup;
			children = (
				DB8CB70853C482D47D26388A /* Pods-AutoLayoutExample.debug.xcconfig */,
				F3E1F08218D2847305B99DDE /* Pods-AutoLayoutExample.release.xcconfig */,
			);
			name = Pods;
			sourceTree = "<group>";
		};
		AE6D94101E3092F1A5639089 /* Frameworks */ = {
			isa = PBXGroup;
			children = (
				908E739658CDE77DCDD2090E /* Pods_AutoLayoutExample.framework */,
			);
			name = Frameworks;
			sourceTree = "<group>";
		};
/* End PBXGroup section */

/* Begin PBXNativeTarget section */
		6DC15AF81DFE005A00E47E52 /* AutoLayoutExample */ = {
			isa = PBXNativeTarget;
			buildConfigurationList = 6DC15B0B1DFE005B00E47E52 /* Build configuration list for PBXNativeTarget "AutoLayoutExample" */;
			buildPhases = (
				454A18D456ED918817E33427 /* [CP] Check Pods Manifest.lock */,
				6DC15AF51DFE005A00E47E52 /* Sources */,
				6DC15AF61DFE005A00E47E52 /* Frameworks */,
				6DC15AF71DFE005A00E47E52 /* Resources */,
				32A9D24154C55CB006389525 /* [CP] Embed Pods Frameworks */,
				1FBA1C8A2DBE127AAA7EE45D /* [CP] Copy Pods Resources */,
			);
			buildRules = (
			);
			dependencies = (
			);
			name = AutoLayoutExample;
			productName = AutoLayoutExample;
			productReference = 6DC15AF91DFE005B00E47E52 /* AutoLayoutExample.app */;
			productType = "com.apple.product-type.application";
		};
/* End PBXNativeTarget section */

/* Begin PBXProject section */
		6DC15AF11DFE005A00E47E52 /* Project object */ = {
			isa = PBXProject;
			attributes = {
				LastSwiftUpdateCheck = 0810;
				LastUpgradeCheck = 0810;
				ORGANIZATIONNAME = "Matt Dias";
				TargetAttributes = {
					6DC15AF81DFE005A00E47E52 = {
						CreatedOnToolsVersion = 8.1;
						ProvisioningStyle = Automatic;
					};
				};
			};
			buildConfigurationList = 6DC15AF41DFE005A00E47E52 /* Build configuration list for PBXProject "AutoLayoutExample" */;
			compatibilityVersion = "Xcode 3.2";
			developmentRegion = English;
			hasScannedForEncodings = 0;
			knownRegions = (
				en,
				Base,
			);
			mainGroup = 6DC15AF01DFE005A00E47E52;
			productRefGroup = 6DC15AFA1DFE005B00E47E52 /* Products */;
			projectDirPath = "";
			projectRoot = "";
			targets = (
				6DC15AF81DFE005A00E47E52 /* AutoLayoutExample */,
			);
		};
/* End PBXProject section */

/* Begin PBXResourcesBuildPhase section */
		6DC15AF71DFE005A00E47E52 /* Resources */ = {
			isa = PBXResourcesBuildPhase;
			buildActionMask = 2147483647;
			files = (
				6DC15B111DFE054B00E47E52 /* example.PNG in Resources */,
				6DC15B071DFE005B00E47E52 /* LaunchScreen.storyboard in Resources */,
				6DC15B041DFE005B00E47E52 /* Assets.xcassets in Resources */,
			);
			runOnlyForDeploymentPostprocessing = 0;
		};
/* End PBXResourcesBuildPhase section */

/* Begin PBXShellScriptBuildPhase section */
		1FBA1C8A2DBE127AAA7EE45D /* [CP] Copy Pods Resources */ = {
			isa = PBXShellScriptBuildPhase;
			buildActionMask = 2147483647;
			files = (
			);
			inputPaths = (
			);
			name = "[CP] Copy Pods Resources";
			outputPaths = (
			);
			runOnlyForDeploymentPostprocessing = 0;
			shellPath = /bin/sh;
			shellScript = "\"${SRCROOT}/Pods/Target Support Files/Pods-AutoLayoutExample/Pods-AutoLayoutExample-resources.sh\"\n";
			showEnvVarsInLog = 0;
		};
		32A9D24154C55CB006389525 /* [CP] Embed Pods Frameworks */ = {
			isa = PBXShellScriptBuildPhase;
			buildActionMask = 2147483647;
			files = (
			);
			inputPaths = (
				"${SRCROOT}/Pods/Target Support Files/Pods-AutoLayoutExample/Pods-AutoLayoutExample-frameworks.sh",
				"${BUILT_PRODUCTS_DIR}/Anchorage/Anchorage.framework",
			);
			name = "[CP] Embed Pods Frameworks";
			outputPaths = (
				"${TARGET_BUILD_DIR}/${FRAMEWORKS_FOLDER_PATH}/Anchorage.framework",
			);
			runOnlyForDeploymentPostprocessing = 0;
			shellPath = /bin/sh;
			shellScript = "\"${SRCROOT}/Pods/Target Support Files/Pods-AutoLayoutExample/Pods-AutoLayoutExample-frameworks.sh\"\n";
			showEnvVarsInLog = 0;
		};
		454A18D456ED918817E33427 /* [CP] Check Pods Manifest.lock */ = {
			isa = PBXShellScriptBuildPhase;
			buildActionMask = 2147483647;
			files = (
			);
			inputPaths = (
				"${PODS_PODFILE_DIR_PATH}/Podfile.lock",
				"${PODS_ROOT}/Manifest.lock",
			);
			name = "[CP] Check Pods Manifest.lock";
			outputPaths = (
				"$(DERIVED_FILE_DIR)/Pods-AutoLayoutExample-checkManifestLockResult.txt",
			);
			runOnlyForDeploymentPostprocessing = 0;
			shellPath = /bin/sh;
			shellScript = "diff \"${PODS_PODFILE_DIR_PATH}/Podfile.lock\" \"${PODS_ROOT}/Manifest.lock\" > /dev/null\nif [ $? != 0 ] ; then\n    # print error to STDERR\n    echo \"error: The sandbox is not in sync with the Podfile.lock. Run 'pod install' or update your CocoaPods installation.\" >&2\n    exit 1\nfi\n# This output is used by Xcode 'outputs' to avoid re-running this script phase.\necho \"SUCCESS\" > \"${SCRIPT_OUTPUT_FILE_0}\"\n";
			showEnvVarsInLog = 0;
		};
/* End PBXShellScriptBuildPhase section */

/* Begin PBXSourcesBuildPhase section */
		6DC15AF51DFE005A00E47E52 /* Sources */ = {
			isa = PBXSourcesBuildPhase;
			buildActionMask = 2147483647;
			files = (
				6DC15AFF1DFE005B00E47E52 /* ViewController.swift in Sources */,
				6DC15AFD1DFE005B00E47E52 /* AppDelegate.swift in Sources */,
			);
			runOnlyForDeploymentPostprocessing = 0;
		};
/* End PBXSourcesBuildPhase section */

/* Begin PBXVariantGroup section */
		6DC15B051DFE005B00E47E52 /* LaunchScreen.storyboard */ = {
			isa = PBXVariantGroup;
			children = (
				6DC15B061DFE005B00E47E52 /* Base */,
			);
			name = LaunchScreen.storyboard;
			sourceTree = "<group>";
		};
/* End PBXVariantGroup section */

/* Begin XCBuildConfiguration section */
		6DC15B091DFE005B00E47E52 /* Debug */ = {
			isa = XCBuildConfiguration;
			buildSettings = {
				ALWAYS_SEARCH_USER_PATHS = NO;
				CLANG_ANALYZER_NONNULL = YES;
				CLANG_CXX_LANGUAGE_STANDARD = "gnu++0x";
				CLANG_CXX_LIBRARY = "libc++";
				CLANG_ENABLE_MODULES = YES;
				CLANG_ENABLE_OBJC_ARC = YES;
				CLANG_WARN_BOOL_CONVERSION = YES;
				CLANG_WARN_CONSTANT_CONVERSION = YES;
				CLANG_WARN_DIRECT_OBJC_ISA_USAGE = YES_ERROR;
				CLANG_WARN_DOCUMENTATION_COMMENTS = YES;
				CLANG_WARN_EMPTY_BODY = YES;
				CLANG_WARN_ENUM_CONVERSION = YES;
				CLANG_WARN_INFINITE_RECURSION = YES;
				CLANG_WARN_INT_CONVERSION = YES;
				CLANG_WARN_OBJC_ROOT_CLASS = YES_ERROR;
				CLANG_WARN_SUSPICIOUS_MOVES = YES;
				CLANG_WARN_UNREACHABLE_CODE = YES;
				CLANG_WARN__DUPLICATE_METHOD_MATCH = YES;
				"CODE_SIGN_IDENTITY[sdk=iphoneos*]" = "iPhone Developer";
				COPY_PHASE_STRIP = NO;
				DEBUG_INFORMATION_FORMAT = dwarf;
				ENABLE_STRICT_OBJC_MSGSEND = YES;
				ENABLE_TESTABILITY = YES;
				GCC_C_LANGUAGE_STANDARD = gnu99;
				GCC_DYNAMIC_NO_PIC = NO;
				GCC_NO_COMMON_BLOCKS = YES;
				GCC_OPTIMIZATION_LEVEL = 0;
				GCC_PREPROCESSOR_DEFINITIONS = (
					"DEBUG=1",
					"$(inherited)",
				);
				GCC_WARN_64_TO_32_BIT_CONVERSION = YES;
				GCC_WARN_ABOUT_RETURN_TYPE = YES_ERROR;
				GCC_WARN_UNDECLARED_SELECTOR = YES;
				GCC_WARN_UNINITIALIZED_AUTOS = YES_AGGRESSIVE;
				GCC_WARN_UNUSED_FUNCTION = YES;
				GCC_WARN_UNUSED_VARIABLE = YES;
				IPHONEOS_DEPLOYMENT_TARGET = 10.1;
				MTL_ENABLE_DEBUG_INFO = YES;
				ONLY_ACTIVE_ARCH = YES;
				SDKROOT = iphoneos;
				SWIFT_ACTIVE_COMPILATION_CONDITIONS = DEBUG;
				SWIFT_OPTIMIZATION_LEVEL = "-Onone";
				TARGETED_DEVICE_FAMILY = "1,2";
			};
			name = Debug;
		};
		6DC15B0A1DFE005B00E47E52 /* Release */ = {
			isa = XCBuildConfiguration;
			buildSettings = {
				ALWAYS_SEARCH_USER_PATHS = NO;
				CLANG_ANALYZER_NONNULL = YES;
				CLANG_CXX_LANGUAGE_STANDARD = "gnu++0x";
				CLANG_CXX_LIBRARY = "libc++";
				CLANG_ENABLE_MODULES = YES;
				CLANG_ENABLE_OBJC_ARC = YES;
				CLANG_WARN_BOOL_CONVERSION = YES;
				CLANG_WARN_CONSTANT_CONVERSION = YES;
				CLANG_WARN_DIRECT_OBJC_ISA_USAGE = YES_ERROR;
				CLANG_WARN_DOCUMENTATION_COMMENTS = YES;
				CLANG_WARN_EMPTY_BODY = YES;
				CLANG_WARN_ENUM_CONVERSION = YES;
				CLANG_WARN_INFINITE_RECURSION = YES;
				CLANG_WARN_INT_CONVERSION = YES;
				CLANG_WARN_OBJC_ROOT_CLASS = YES_ERROR;
				CLANG_WARN_SUSPICIOUS_MOVES = YES;
				CLANG_WARN_UNREACHABLE_CODE = YES;
				CLANG_WARN__DUPLICATE_METHOD_MATCH = YES;
				"CODE_SIGN_IDENTITY[sdk=iphoneos*]" = "iPhone Developer";
				COPY_PHASE_STRIP = NO;
				DEBUG_INFORMATION_FORMAT = "dwarf-with-dsym";
				ENABLE_NS_ASSERTIONS = NO;
				ENABLE_STRICT_OBJC_MSGSEND = YES;
				GCC_C_LANGUAGE_STANDARD = gnu99;
				GCC_NO_COMMON_BLOCKS = YES;
				GCC_WARN_64_TO_32_BIT_CONVERSION = YES;
				GCC_WARN_ABOUT_RETURN_TYPE = YES_ERROR;
				GCC_WARN_UNDECLARED_SELECTOR = YES;
				GCC_WARN_UNINITIALIZED_AUTOS = YES_AGGRESSIVE;
				GCC_WARN_UNUSED_FUNCTION = YES;
				GCC_WARN_UNUSED_VARIABLE = YES;
				IPHONEOS_DEPLOYMENT_TARGET = 10.1;
				MTL_ENABLE_DEBUG_INFO = NO;
				SDKROOT = iphoneos;
				SWIFT_OPTIMIZATION_LEVEL = "-Owholemodule";
				TARGETED_DEVICE_FAMILY = "1,2";
				VALIDATE_PRODUCT = YES;
			};
			name = Release;
		};
		6DC15B0C1DFE005B00E47E52 /* Debug */ = {
			isa = XCBuildConfiguration;
			baseConfigurationReference = DB8CB70853C482D47D26388A /* Pods-AutoLayoutExample.debug.xcconfig */;
			buildSettings = {
				ASSETCATALOG_COMPILER_APPICON_NAME = AppIcon;
				INFOPLIST_FILE = AutoLayoutExample/Info.plist;
				LD_RUNPATH_SEARCH_PATHS = "$(inherited) @executable_path/Frameworks";
				PRODUCT_BUNDLE_IDENTIFIER = com.beta.AutoLayoutExample;
				PRODUCT_NAME = "$(TARGET_NAME)";
				SWIFT_VERSION = 3.0;
			};
			name = Debug;
		};
		6DC15B0D1DFE005B00E47E52 /* Release */ = {
			isa = XCBuildConfiguration;
			baseConfigurationReference = F3E1F08218D2847305B99DDE /* Pods-AutoLayoutExample.release.xcconfig */;
			buildSettings = {
				ASSETCATALOG_COMPILER_APPICON_NAME = AppIcon;
				INFOPLIST_FILE = AutoLayoutExample/Info.plist;
				LD_RUNPATH_SEARCH_PATHS = "$(inherited) @executable_path/Frameworks";
				PRODUCT_BUNDLE_IDENTIFIER = com.beta.AutoLayoutExample;
				PRODUCT_NAME = "$(TARGET_NAME)";
				SWIFT_VERSION = 3.0;
			};
			name = Release;
		};
/* End XCBuildConfiguration section */

/* Begin XCConfigurationList section */
		6DC15AF41DFE005A00E47E52 /* Build configuration list for PBXProject "AutoLayoutExample" */ = {
			isa = XCConfigurationList;
			buildConfigurations = (
				6DC15B091DFE005B00E47E52 /* Debug */,
				6DC15B0A1DFE005B00E47E52 /* Release */,
			);
			defaultConfigurationIsVisible = 0;
			defaultConfigurationName = Release;
		};
		6DC15B0B1DFE005B00E47E52 /* Build configuration list for PBXNativeTarget "AutoLayoutExample" */ = {
			isa = XCConfigurationList;
			buildConfigurations = (
				6DC15B0C1DFE005B00E47E52 /* Debug */,
				6DC15B0D1DFE005B00E47E52 /* Release */,
			);
			defaultConfigurationIsVisible = 0;
			defaultConfigurationName = Release;
		};
/* End XCConfigurationList section */
	};
	rootObject = 6DC15AF11DFE005A00E47E52 /* Project object */;
}
